// !$*UTF8*$!
{
	archiveVersion = 1;
	classes = {
	};
	objectVersion = 50;
	objects = {

/* Begin PBXBuildFile section */
		2469A96C26066DD700FB5BD6 /* AppDelegate.swift in Sources */ = {isa = PBXBuildFile; fileRef = 2469A96B26066DD700FB5BD6 /* AppDelegate.swift */; };
		2469A96E26066DD700FB5BD6 /* SceneDelegate.swift in Sources */ = {isa = PBXBuildFile; fileRef = 2469A96D26066DD700FB5BD6 /* SceneDelegate.swift */; };
		2469A97026066DD700FB5BD6 /* ViewController.swift in Sources */ = {isa = PBXBuildFile; fileRef = 2469A96F26066DD700FB5BD6 /* ViewController.swift */; };
		2469A97326066DD700FB5BD6 /* Main.storyboard in Resources */ = {isa = PBXBuildFile; fileRef = 2469A97126066DD700FB5BD6 /* Main.storyboard */; };
		2469A97526066DD700FB5BD6 /* Assets.xcassets in Resources */ = {isa = PBXBuildFile; fileRef = 2469A97426066DD700FB5BD6 /* Assets.xcassets */; };
		2469A97826066DD700FB5BD6 /* LaunchScreen.storyboard in Resources */ = {isa = PBXBuildFile; fileRef = 2469A97626066DD700FB5BD6 /* LaunchScreen.storyboard */; };
		2469A98326066DD700FB5BD6 /* TalkerTests.swift in Sources */ = {isa = PBXBuildFile; fileRef = 2469A98226066DD700FB5BD6 /* TalkerTests.swift */; };
		2469A98E26066DD700FB5BD6 /* TalkerUITests.swift in Sources */ = {isa = PBXBuildFile; fileRef = 2469A98D26066DD700FB5BD6 /* TalkerUITests.swift */; };
/* End PBXBuildFile section */

/* Begin PBXContainerItemProxy section */
		2469A97F26066DD700FB5BD6 /* PBXContainerItemProxy */ = {
			isa = PBXContainerItemProxy;
			containerPortal = 2469A96026066DD700FB5BD6 /* Project object */;
			proxyType = 1;
			remoteGlobalIDString = 2469A96726066DD700FB5BD6;
			remoteInfo = Talker;
		};
		2469A98A26066DD700FB5BD6 /* PBXContainerItemProxy */ = {
			isa = PBXContainerItemProxy;
			containerPortal = 2469A96026066DD700FB5BD6 /* Project object */;
			proxyType = 1;
			remoteGlobalIDString = 2469A96726066DD700FB5BD6;
			remoteInfo = Talker;
		};
/* End PBXContainerItemProxy section */

/* Begin PBXFileReference section */
		2469A96826066DD700FB5BD6 /* Talker.app */ = {isa = PBXFileReference; explicitFileType = wrapper.application; includeInIndex = 0; path = Talker.app; sourceTree = BUILT_PRODUCTS_DIR; };
		2469A96B26066DD700FB5BD6 /* AppDelegate.swift */ = {isa = PBXFileReference; lastKnownFileType = sourcecode.swift; path = AppDelegate.swift; sourceTree = "<group>"; };
		2469A96D26066DD700FB5BD6 /* SceneDelegate.swift */ = {isa = PBXFileReference; lastKnownFileType = sourcecode.swift; path = SceneDelegate.swift; sourceTree = "<group>"; };
		2469A96F26066DD700FB5BD6 /* ViewController.swift */ = {isa = PBXFileReference; lastKnownFileType = sourcecode.swift; path = ViewController.swift; sourceTree = "<group>"; };
		2469A97226066DD700FB5BD6 /* Base */ = {isa = PBXFileReference; lastKnownFileType = file.storyboard; name = Base; path = Base.lproj/Main.storyboard; sourceTree = "<group>"; };
		2469A97426066DD700FB5BD6 /* Assets.xcassets */ = {isa = PBXFileReference; lastKnownFileType = folder.assetcatalog; path = Assets.xcassets; sourceTree = "<group>"; };
		2469A97726066DD700FB5BD6 /* Base */ = {isa = PBXFileReference; lastKnownFileType = file.storyboard; name = Base; path = Base.lproj/LaunchScreen.storyboard; sourceTree = "<group>"; };
		2469A97926066DD700FB5BD6 /* Info.plist */ = {isa = PBXFileReference; lastKnownFileType = text.plist.xml; path = Info.plist; sourceTree = "<group>"; };
		2469A97E26066DD700FB5BD6 /* TalkerTests.xctest */ = {isa = PBXFileReference; explicitFileType = wrapper.cfbundle; includeInIndex = 0; path = TalkerTests.xctest; sourceTree = BUILT_PRODUCTS_DIR; };
		2469A98226066DD700FB5BD6 /* TalkerTests.swift */ = {isa = PBXFileReference; lastKnownFileType = sourcecode.swift; path = TalkerTests.swift; sourceTree = "<group>"; };
		2469A98426066DD700FB5BD6 /* Info.plist */ = {isa = PBXFileReference; lastKnownFileType = text.plist.xml; path = Info.plist; sourceTree = "<group>"; };
		2469A98926066DD700FB5BD6 /* TalkerUITests.xctest */ = {isa = PBXFileReference; explicitFileType = wrapper.cfbundle; includeInIndex = 0; path = TalkerUITests.xctest; sourceTree = BUILT_PRODUCTS_DIR; };
		2469A98D26066DD700FB5BD6 /* TalkerUITests.swift */ = {isa = PBXFileReference; lastKnownFileType = sourcecode.swift; path = TalkerUITests.swift; sourceTree = "<group>"; };
		2469A98F26066DD700FB5BD6 /* Info.plist */ = {isa = PBXFileReference; lastKnownFileType = text.plist.xml; path = Info.plist; sourceTree = "<group>"; };
/* End PBXFileReference section */

/* Begin PBXFrameworksBuildPhase section */
		2469A96526066DD700FB5BD6 /* Frameworks */ = {
			isa = PBXFrameworksBuildPhase;
			buildActionMask = 2147483647;
			files = (
			);
			runOnlyForDeploymentPostprocessing = 0;
		};
		2469A97B26066DD700FB5BD6 /* Frameworks */ = {
			isa = PBXFrameworksBuildPhase;
			buildActionMask = 2147483647;
			files = (
			);
			runOnlyForDeploymentPostprocessing = 0;
		};
		2469A98626066DD700FB5BD6 /* Frameworks */ = {
			isa = PBXFrameworksBuildPhase;
			buildActionMask = 2147483647;
			files = (
			);
			runOnlyForDeploymentPostprocessing = 0;
		};
/* End PBXFrameworksBuildPhase section */

/* Begin PBXGroup section */
		2469A95F26066DD700FB5BD6 = {
			isa = PBXGroup;
			children = (
				2469A96A26066DD700FB5BD6 /* Talker */,
				2469A98126066DD700FB5BD6 /* TalkerTests */,
				2469A98C26066DD700FB5BD6 /* TalkerUITests */,
				2469A96926066DD700FB5BD6 /* Products */,
			);
			sourceTree = "<group>";
		};
		2469A96926066DD700FB5BD6 /* Products */ = {
			isa = PBXGroup;
			children = (
				2469A96826066DD700FB5BD6 /* Talker.app */,
				2469A97E26066DD700FB5BD6 /* TalkerTests.xctest */,
				2469A98926066DD700FB5BD6 /* TalkerUITests.xctest */,
			);
			name = Products;
			sourceTree = "<group>";
		};
		2469A96A26066DD700FB5BD6 /* Talker */ = {
			isa = PBXGroup;
			children = (
				2469A96B26066DD700FB5BD6 /* AppDelegate.swift */,
				2469A96D26066DD700FB5BD6 /* SceneDelegate.swift */,
				2469A96F26066DD700FB5BD6 /* ViewController.swift */,
				2469A97126066DD700FB5BD6 /* Main.storyboard */,
				2469A97426066DD700FB5BD6 /* Assets.xcassets */,
				2469A97626066DD700FB5BD6 /* LaunchScreen.storyboard */,
				2469A97926066DD700FB5BD6 /* Info.plist */,
			);
			path = Talker;
			sourceTree = "<group>";
		};
		2469A98126066DD700FB5BD6 /* TalkerTests */ = {
			isa = PBXGroup;
			children = (
				2469A98226066DD700FB5BD6 /* TalkerTests.swift */,
				2469A98426066DD700FB5BD6 /* Info.plist */,
			);
			path = TalkerTests;
			sourceTree = "<group>";
		};
		2469A98C26066DD700FB5BD6 /* TalkerUITests */ = {
			isa = PBXGroup;
			children = (
				2469A98D26066DD700FB5BD6 /* TalkerUITests.swift */,
				2469A98F26066DD700FB5BD6 /* Info.plist */,
			);
			path = TalkerUITests;
			sourceTree = "<group>";
		};
/* End PBXGroup section */

/* Begin PBXNativeTarget section */
		2469A96726066DD700FB5BD6 /* Talker */ = {
			isa = PBXNativeTarget;
			buildConfigurationList = 2469A99226066DD700FB5BD6 /* Build configuration list for PBXNativeTarget "Talker" */;
			buildPhases = (
				2469A96426066DD700FB5BD6 /* Sources */,
				2469A96526066DD700FB5BD6 /* Frameworks */,
				2469A96626066DD700FB5BD6 /* Resources */,
			);
			buildRules = (
			);
			dependencies = (
			);
			name = Talker;
			productName = Talker;
			productReference = 2469A96826066DD700FB5BD6 /* Talker.app */;
			productType = "com.apple.product-type.application";
		};
		2469A97D26066DD700FB5BD6 /* TalkerTests */ = {
			isa = PBXNativeTarget;
			buildConfigurationList = 2469A99526066DD700FB5BD6 /* Build configuration list for PBXNativeTarget "TalkerTests" */;
			buildPhases = (
				2469A97A26066DD700FB5BD6 /* Sources */,
				2469A97B26066DD700FB5BD6 /* Frameworks */,
				2469A97C26066DD700FB5BD6 /* Resources */,
			);
			buildRules = (
			);
			dependencies = (
				2469A98026066DD700FB5BD6 /* PBXTargetDependency */,
			);
			name = TalkerTests;
			productName = TalkerTests;
			productReference = 2469A97E26066DD700FB5BD6 /* TalkerTests.xctest */;
			productType = "com.apple.product-type.bundle.unit-test";
		};
		2469A98826066DD700FB5BD6 /* TalkerUITests */ = {
			isa = PBXNativeTarget;
			buildConfigurationList = 2469A99826066DD700FB5BD6 /* Build configuration list for PBXNativeTarget "TalkerUITests" */;
			buildPhases = (
				2469A98526066DD700FB5BD6 /* Sources */,
				2469A98626066DD700FB5BD6 /* Frameworks */,
				2469A98726066DD700FB5BD6 /* Resources */,
			);
			buildRules = (
			);
			dependencies = (
				2469A98B26066DD700FB5BD6 /* PBXTargetDependency */,
			);
			name = TalkerUITests;
			productName = TalkerUITests;
			productReference = 2469A98926066DD700FB5BD6 /* TalkerUITests.xctest */;
			productType = "com.apple.product-type.bundle.ui-testing";
		};
/* End PBXNativeTarget section */

/* Begin PBXProject section */
		2469A96026066DD700FB5BD6 /* Project object */ = {
			isa = PBXProject;
			attributes = {
				LastSwiftUpdateCheck = 1240;
				LastUpgradeCheck = 1240;
				TargetAttributes = {
					2469A96726066DD700FB5BD6 = {
						CreatedOnToolsVersion = 12.4;
					};
					2469A97D26066DD700FB5BD6 = {
						CreatedOnToolsVersion = 12.4;
						TestTargetID = 2469A96726066DD700FB5BD6;
					};
					2469A98826066DD700FB5BD6 = {
						CreatedOnToolsVersion = 12.4;
						TestTargetID = 2469A96726066DD700FB5BD6;
					};
				};
			};
			buildConfigurationList = 2469A96326066DD700FB5BD6 /* Build configuration list for PBXProject "Talker" */;
			compatibilityVersion = "Xcode 9.3";
			developmentRegion = en;
			hasScannedForEncodings = 0;
			knownRegions = (
				en,
				Base,
			);
			mainGroup = 2469A95F26066DD700FB5BD6;
			productRefGroup = 2469A96926066DD700FB5BD6 /* Products */;
			projectDirPath = "";
			projectRoot = "";
			targets = (
				2469A96726066DD700FB5BD6 /* Talker */,
				2469A97D26066DD700FB5BD6 /* TalkerTests */,
				2469A98826066DD700FB5BD6 /* TalkerUITests */,
			);
		};
/* End PBXProject section */

/* Begin PBXResourcesBuildPhase section */
		2469A96626066DD700FB5BD6 /* Resources */ = {
			isa = PBXResourcesBuildPhase;
			buildActionMask = 2147483647;
			files = (
				2469A97826066DD700FB5BD6 /* LaunchScreen.storyboard in Resources */,
				2469A97526066DD700FB5BD6 /* Assets.xcassets in Resources */,
				2469A97326066DD700FB5BD6 /* Main.storyboard in Resources */,
			);
			runOnlyForDeploymentPostprocessing = 0;
		};
		2469A97C26066DD700FB5BD6 /* Resources */ = {
			isa = PBXResourcesBuildPhase;
			buildActionMask = 2147483647;
			files = (
			);
			runOnlyForDeploymentPostprocessing = 0;
		};
		2469A98726066DD700FB5BD6 /* Resources */ = {
			isa = PBXResourcesBuildPhase;
			buildActionMask = 2147483647;
			files = (
			);
			runOnlyForDeploymentPostprocessing = 0;
		};
/* End PBXResourcesBuildPhase section */

/* Begin PBXSourcesBuildPhase section */
		2469A96426066DD700FB5BD6 /* Sources */ = {
			isa = PBXSourcesBuildPhase;
			buildActionMask = 2147483647;
			files = (
				2469A97026066DD700FB5BD6 /* ViewController.swift in Sources */,
				2469A96C26066DD700FB5BD6 /* AppDelegate.swift in Sources */,
				2469A96E26066DD700FB5BD6 /* SceneDelegate.swift in Sources */,
			);
			runOnlyForDeploymentPostprocessing = 0;
		};
		2469A97A26066DD700FB5BD6 /* Sources */ = {
			isa = PBXSourcesBuildPhase;
			buildActionMask = 2147483647;
			files = (
				2469A98326066DD700FB5BD6 /* TalkerTests.swift in Sources */,
			);
			runOnlyForDeploymentPostprocessing = 0;
		};
		2469A98526066DD700FB5BD6 /* Sources */ = {
			isa = PBXSourcesBuildPhase;
			buildActionMask = 2147483647;
			files = (
				2469A98E26066DD700FB5BD6 /* TalkerUITests.swift in Sources */,
			);
			runOnlyForDeploymentPostprocessing = 0;
		};
/* End PBXSourcesBuildPhase section */

/* Begin PBXTargetDependency section */
		2469A98026066DD700FB5BD6 /* PBXTargetDependency */ = {
			isa = PBXTargetDependency;
			target = 2469A96726066DD700FB5BD6 /* Talker */;
			targetProxy = 2469A97F26066DD700FB5BD6 /* PBXContainerItemProxy */;
		};
		2469A98B26066DD700FB5BD6 /* PBXTargetDependency */ = {
			isa = PBXTargetDependency;
			target = 2469A96726066DD700FB5BD6 /* Talker */;
			targetProxy = 2469A98A26066DD700FB5BD6 /* PBXContainerItemProxy */;
		};
/* End PBXTargetDependency section */

/* Begin PBXVariantGroup section */
		2469A97126066DD700FB5BD6 /* Main.storyboard */ = {
			isa = PBXVariantGroup;
			children = (
				2469A97226066DD700FB5BD6 /* Base */,
			);
			name = Main.storyboard;
			sourceTree = "<group>";
		};
		2469A97626066DD700FB5BD6 /* LaunchScreen.storyboard */ = {
			isa = PBXVariantGroup;
			children = (
				2469A97726066DD700FB5BD6 /* Base */,
			);
			name = LaunchScreen.storyboard;
			sourceTree = "<group>";
		};
/* End PBXVariantGroup section */

/* Begin XCBuildConfiguration section */
		2469A99026066DD700FB5BD6 /* Debug */ = {
			isa = XCBuildConfiguration;
			buildSettings = {
				ALWAYS_SEARCH_USER_PATHS = NO;
				CLANG_ANALYZER_NONNULL = YES;
				CLANG_ANALYZER_NUMBER_OBJECT_CONVERSION = YES_AGGRESSIVE;
				CLANG_CXX_LANGUAGE_STANDARD = "gnu++14";
				CLANG_CXX_LIBRARY = "libc++";
				CLANG_ENABLE_MODULES = YES;
				CLANG_ENABLE_OBJC_ARC = YES;
				CLANG_ENABLE_OBJC_WEAK = YES;
				CLANG_WARN_BLOCK_CAPTURE_AUTORELEASING = YES;
				CLANG_WARN_BOOL_CONVERSION = YES;
				CLANG_WARN_COMMA = YES;
				CLANG_WARN_CONSTANT_CONVERSION = YES;
				CLANG_WARN_DEPRECATED_OBJC_IMPLEMENTATIONS = YES;
				CLANG_WARN_DIRECT_OBJC_ISA_USAGE = YES_ERROR;
				CLANG_WARN_DOCUMENTATION_COMMENTS = YES;
				CLANG_WARN_EMPTY_BODY = YES;
				CLANG_WARN_ENUM_CONVERSION = YES;
				CLANG_WARN_INFINITE_RECURSION = YES;
				CLANG_WARN_INT_CONVERSION = YES;
				CLANG_WARN_NON_LITERAL_NULL_CONVERSION = YES;
				CLANG_WARN_OBJC_IMPLICIT_RETAIN_SELF = YES;
				CLANG_WARN_OBJC_LITERAL_CONVERSION = YES;
				CLANG_WARN_OBJC_ROOT_CLASS = YES_ERROR;
				CLANG_WARN_QUOTED_INCLUDE_IN_FRAMEWORK_HEADER = YES;
				CLANG_WARN_RANGE_LOOP_ANALYSIS = YES;
				CLANG_WARN_STRICT_PROTOTYPES = YES;
				CLANG_WARN_SUSPICIOUS_MOVE = YES;
				CLANG_WARN_UNGUARDED_AVAILABILITY = YES_AGGRESSIVE;
				CLANG_WARN_UNREACHABLE_CODE = YES;
				CLANG_WARN__DUPLICATE_METHOD_MATCH = YES;
				COPY_PHASE_STRIP = NO;
				DEBUG_INFORMATION_FORMAT = dwarf;
				ENABLE_STRICT_OBJC_MSGSEND = YES;
				ENABLE_TESTABILITY = YES;
				GCC_C_LANGUAGE_STANDARD = gnu11;
				GCC_DYNAMIC_NO_PIC = NO;
				GCC_NO_COMMON_BLOCKS = YES;
				GCC_OPTIMIZATION_LEVEL = 0;
				GCC_PREPROCESSOR_DEFINITIONS = (
					"DEBUG=1",
					"$(inherited)",
				);
				GCC_WARN_64_TO_32_BIT_CONVERSION = YES;
				GCC_WARN_ABOUT_RETURN_TYPE = YES_ERROR;
				GCC_WARN_UNDECLARED_SELECTOR = YES;
				GCC_WARN_UNINITIALIZED_AUTOS = YES_AGGRESSIVE;
				GCC_WARN_UNUSED_FUNCTION = YES;
				GCC_WARN_UNUSED_VARIABLE = YES;
				IPHONEOS_DEPLOYMENT_TARGET = 14.4;
				MTL_ENABLE_DEBUG_INFO = INCLUDE_SOURCE;
				MTL_FAST_MATH = YES;
				ONLY_ACTIVE_ARCH = YES;
				SDKROOT = iphoneos;
				SWIFT_ACTIVE_COMPILATION_CONDITIONS = DEBUG;
				SWIFT_OPTIMIZATION_LEVEL = "-Onone";
			};
			name = Debug;
		};
		2469A99126066DD700FB5BD6 /* Release */ = {
			isa = XCBuildConfiguration;
			buildSettings = {
				ALWAYS_SEARCH_USER_PATHS = NO;
				CLANG_ANALYZER_NONNULL = YES;
				CLANG_ANALYZER_NUMBER_OBJECT_CONVERSION = YES_AGGRESSIVE;
				CLANG_CXX_LANGUAGE_STANDARD = "gnu++14";
				CLANG_CXX_LIBRARY = "libc++";
				CLANG_ENABLE_MODULES = YES;
				CLANG_ENABLE_OBJC_ARC = YES;
				CLANG_ENABLE_OBJC_WEAK = YES;
				CLANG_WARN_BLOCK_CAPTURE_AUTORELEASING = YES;
				CLANG_WARN_BOOL_CONVERSION = YES;
				CLANG_WARN_COMMA = YES;
				CLANG_WARN_CONSTANT_CONVERSION = YES;
				CLANG_WARN_DEPRECATED_OBJC_IMPLEMENTATIONS = YES;
				CLANG_WARN_DIRECT_OBJC_ISA_USAGE = YES_ERROR;
				CLANG_WARN_DOCUMENTATION_COMMENTS = YES;
				CLANG_WARN_EMPTY_BODY = YES;
				CLANG_WARN_ENUM_CONVERSION = YES;
				CLANG_WARN_INFINITE_RECURSION = YES;
				CLANG_WARN_INT_CONVERSION = YES;
				CLANG_WARN_NON_LITERAL_NULL_CONVERSION = YES;
				CLANG_WARN_OBJC_IMPLICIT_RETAIN_SELF = YES;
				CLANG_WARN_OBJC_LITERAL_CONVERSION = YES;
				CLANG_WARN_OBJC_ROOT_CLASS = YES_ERROR;
				CLANG_WARN_QUOTED_INCLUDE_IN_FRAMEWORK_HEADER = YES;
				CLANG_WARN_RANGE_LOOP_ANALYSIS = YES;
				CLANG_WARN_STRICT_PROTOTYPES = YES;
				CLANG_WARN_SUSPICIOUS_MOVE = YES;
				CLANG_WARN_UNGUARDED_AVAILABILITY = YES_AGGRESSIVE;
				CLANG_WARN_UNREACHABLE_CODE = YES;
				CLANG_WARN__DUPLICATE_METHOD_MATCH = YES;
				COPY_PHASE_STRIP = NO;
				DEBUG_INFORMATION_FORMAT = "dwarf-with-dsym";
				ENABLE_NS_ASSERTIONS = NO;
				ENABLE_STRICT_OBJC_MSGSEND = YES;
				GCC_C_LANGUAGE_STANDARD = gnu11;
				GCC_NO_COMMON_BLOCKS = YES;
				GCC_WARN_64_TO_32_BIT_CONVERSION = YES;
				GCC_WARN_ABOUT_RETURN_TYPE = YES_ERROR;
				GCC_WARN_UNDECLARED_SELECTOR = YES;
				GCC_WARN_UNINITIALIZED_AUTOS = YES_AGGRESSIVE;
				GCC_WARN_UNUSED_FUNCTION = YES;
				GCC_WARN_UNUSED_VARIABLE = YES;
				IPHONEOS_DEPLOYMENT_TARGET = 14.4;
				MTL_ENABLE_DEBUG_INFO = NO;
				MTL_FAST_MATH = YES;
				SDKROOT = iphoneos;
				SWIFT_COMPILATION_MODE = wholemodule;
				SWIFT_OPTIMIZATION_LEVEL = "-O";
				VALIDATE_PRODUCT = YES;
			};
			name = Release;
		};
		2469A99326066DD700FB5BD6 /* Debug */ = {
			isa = XCBuildConfiguration;
			buildSettings = {
				ASSETCATALOG_COMPILER_APPICON_NAME = AppIcon;
				ASSETCATALOG_COMPILER_GLOBAL_ACCENT_COLOR_NAME = AccentColor;
				CODE_SIGN_STYLE = Automatic;
				INFOPLIST_FILE = Talker/Info.plist;
				LD_RUNPATH_SEARCH_PATHS = (
					"$(inherited)",
					"@executable_path/Frameworks",
				);
				PRODUCT_BUNDLE_IDENTIFIER = com.assistivetechninja.Talker;
				PRODUCT_NAME = "$(TARGET_NAME)";
				SWIFT_VERSION = 5.0;
				TARGETED_DEVICE_FAMILY = "1,2";
			};
			name = Debug;
		};
		2469A99426066DD700FB5BD6 /* Release */ = {
			isa = XCBuildConfiguration;
			buildSettings = {
				ASSETCATALOG_COMPILER_APPICON_NAME = AppIcon;
				ASSETCATALOG_COMPILER_GLOBAL_ACCENT_COLOR_NAME = AccentColor;
				CODE_SIGN_STYLE = Automatic;
				INFOPLIST_FILE = Talker/Info.plist;
				LD_RUNPATH_SEARCH_PATHS = (
					"$(inherited)",
					"@executable_path/Frameworks",
				);
				PRODUCT_BUNDLE_IDENTIFIER = com.assistivetechninja.Talker;
				PRODUCT_NAME = "$(TARGET_NAME)";
				SWIFT_VERSION = 5.0;
				TARGETED_DEVICE_FAMILY = "1,2";
			};
			name = Release;
		};
		2469A99626066DD700FB5BD6 /* Debug */ = {
			isa = XCBuildConfiguration;
			buildSettings = {
				ALWAYS_EMBED_SWIFT_STANDARD_LIBRARIES = YES;
				BUNDLE_LOADER = "$(TEST_HOST)";
				CODE_SIGN_STYLE = Automatic;
				INFOPLIST_FILE = TalkerTests/Info.plist;
				IPHONEOS_DEPLOYMENT_TARGET = 14.4;
				LD_RUNPATH_SEARCH_PATHS = (
					"$(inherited)",
					"@executable_path/Frameworks",
					"@loader_path/Frameworks",
				);
				PRODUCT_BUNDLE_IDENTIFIER = com.assistivetechninja.TalkerTests;
				PRODUCT_NAME = "$(TARGET_NAME)";
				SWIFT_VERSION = 5.0;
				TARGETED_DEVICE_FAMILY = "1,2";
				TEST_HOST = "$(BUILT_PRODUCTS_DIR)/Talker.app/Talker";
			};
			name = Debug;
		};
		2469A99726066DD700FB5BD6 /* Release */ = {
			isa = XCBuildConfiguration;
			buildSettings = {
				ALWAYS_EMBED_SWIFT_STANDARD_LIBRARIES = YES;
				BUNDLE_LOADER = "$(TEST_HOST)";
				CODE_SIGN_STYLE = Automatic;
				INFOPLIST_FILE = TalkerTests/Info.plist;
				IPHONEOS_DEPLOYMENT_TARGET = 14.4;
				LD_RUNPATH_SEARCH_PATHS = (
					"$(inherited)",
					"@executable_path/Frameworks",
					"@loader_path/Frameworks",
				);
				PRODUCT_BUNDLE_IDENTIFIER = com.assistivetechninja.TalkerTests;
				PRODUCT_NAME = "$(TARGET_NAME)";
				SWIFT_VERSION = 5.0;
				TARGETED_DEVICE_FAMILY = "1,2";
				TEST_HOST = "$(BUILT_PRODUCTS_DIR)/Talker.app/Talker";
			};
			name = Release;
		};
		2469A99926066DD700FB5BD6 /* Debug */ = {
			isa = XCBuildConfiguration;
			buildSettings = {
				ALWAYS_EMBED_SWIFT_STANDARD_LIBRARIES = YES;
				CODE_SIGN_STYLE = Automatic;
				INFOPLIST_FILE = TalkerUITests/Info.plist;
				LD_RUNPATH_SEARCH_PATHS = (
					"$(inherited)",
					"@executable_path/Frameworks",
					"@loader_path/Frameworks",
				);
				PRODUCT_BUNDLE_IDENTIFIER = com.assistivetechninja.TalkerUITests;
				PRODUCT_NAME = "$(TARGET_NAME)";
				SWIFT_VERSION = 5.0;
				TARGETED_DEVICE_FAMILY = "1,2";
				TEST_TARGET_NAME = Talker;
			};
			name = Debug;
		};
		2469A99A26066DD700FB5BD6 /* Release */ = {
			isa = XCBuildConfiguration;
			buildSettings = {
				ALWAYS_EMBED_SWIFT_STANDARD_LIBRARIES = YES;
				CODE_SIGN_STYLE = Automatic;
				INFOPLIST_FILE = TalkerUITests/Info.plist;
				LD_RUNPATH_SEARCH_PATHS = (
					"$(inherited)",
					"@executable_path/Frameworks",
					"@loader_path/Frameworks",
				);
				PRODUCT_BUNDLE_IDENTIFIER = com.assistivetechninja.TalkerUITests;
				PRODUCT_NAME = "$(TARGET_NAME)";
				SWIFT_VERSION = 5.0;
				TARGETED_DEVICE_FAMILY = "1,2";
				TEST_TARGET_NAME = Talker;
			};
			name = Release;
		};
/* End XCBuildConfiguration section */

/* Begin XCConfigurationList section */
		2469A96326066DD700FB5BD6 /* Build configuration list for PBXProject "Talker" */ = {
			isa = XCConfigurationList;
			buildConfigurations = (
				2469A99026066DD700FB5BD6 /* Debug */,
				2469A99126066DD700FB5BD6 /* Release */,
			);
			defaultConfigurationIsVisible = 0;
			defaultConfigurationName = Release;
		};
		2469A99226066DD700FB5BD6 /* Build configuration list for PBXNativeTarget "Talker" */ = {
			isa = XCConfigurationList;
			buildConfigurations = (
				2469A99326066DD700FB5BD6 /* Debug */,
				2469A99426066DD700FB5BD6 /* Release */,
			);
			defaultConfigurationIsVisible = 0;
			defaultConfigurationName = Release;
		};
		2469A99526066DD700FB5BD6 /* Build configuration list for PBXNativeTarget "TalkerTests" */ = {
			isa = XCConfigurationList;
			buildConfigurations = (
				2469A99626066DD700FB5BD6 /* Debug */,
				2469A99726066DD700FB5BD6 /* Release */,
			);
			defaultConfigurationIsVisible = 0;
			defaultConfigurationName = Release;
		};
		2469A99826066DD700FB5BD6 /* Build configuration list for PBXNativeTarget "TalkerUITests" */ = {
			isa = XCConfigurationList;
			buildConfigurations = (
				2469A99926066DD700FB5BD6 /* Debug */,
				2469A99A26066DD700FB5BD6 /* Release */,
			);
			defaultConfigurationIsVisible = 0;
			defaultConfigurationName = Release;
		};
/* End XCConfigurationList section */
	};
	rootObject = 2469A96026066DD700FB5BD6 /* Project object */;
}
